{
    "_readme": [
        "This file locks the dependencies of your project to a known state",
        "Read more about it at https://getcomposer.org/doc/01-basic-usage.md#installing-dependencies",
        "This file is @generated automatically"
    ],
    "content-hash": "45772cc7c20247207be760341f29af0d",
    "packages": [
        {
            "name": "enshrined/svg-sanitize",
            "version": "0.15.4",
            "source": {
                "type": "git",
                "url": "https://github.com/darylldoyle/svg-sanitizer.git",
                "reference": "e50b83a2f1f296ca61394fe88fbfe3e896a84cf4"
            },
            "dist": {
                "type": "zip",
                "url": "https://api.github.com/repos/darylldoyle/svg-sanitizer/zipball/e50b83a2f1f296ca61394fe88fbfe3e896a84cf4",
                "reference": "e50b83a2f1f296ca61394fe88fbfe3e896a84cf4",
                "shasum": ""
            },
            "require": {
                "ext-dom": "*",
                "ext-libxml": "*",
                "php": "^7.0 || ^8.0"
            },
            "require-dev": {
                "phpunit/phpunit": "^6.5 || ^8.5"
            },
            "type": "library",
            "autoload": {
                "psr-4": {
                    "enshrined\\svgSanitize\\": "src"
                }
            },
            "notification-url": "https://packagist.org/downloads/",
            "license": [
                "GPL-2.0-or-later"
            ],
            "authors": [
                {
                    "name": "Daryll Doyle",
                    "email": "daryll@enshrined.co.uk"
                }
            ],
            "description": "An SVG sanitizer for PHP",
            "support": {
                "issues": "https://github.com/darylldoyle/svg-sanitizer/issues",
                "source": "https://github.com/darylldoyle/svg-sanitizer/tree/0.15.4"
            },
            "time": "2022-02-21T09:13:59+00:00"
        }
    ],
    "packages-dev": [
        {
            "name": "civicrm/composer-downloads-plugin",
            "version": "v3.0.1",
            "source": {
                "type": "git",
                "url": "https://github.com/civicrm/composer-downloads-plugin.git",
                "reference": "3aabb6d259a86158d01829fc2c62a2afb9618877"
            },
            "dist": {
                "type": "zip",
                "url": "https://api.github.com/repos/civicrm/composer-downloads-plugin/zipball/3aabb6d259a86158d01829fc2c62a2afb9618877",
                "reference": "3aabb6d259a86158d01829fc2c62a2afb9618877",
                "shasum": ""
            },
            "require": {
                "composer-plugin-api": "^1.1 || ^2.0",
                "php": ">=5.6",
                "togos/gitignore": "~1.1.1"
            },
            "require-dev": {
                "composer/composer": "~1.0 || ~2.0",
                "friendsofphp/php-cs-fixer": "^2.3",
                "phpunit/phpunit": "^5.7",
                "totten/process-helper": "^1.0.1"
            },
            "type": "composer-plugin",
            "extra": {
                "class": "LastCall\\DownloadsPlugin\\Plugin"
            },
            "autoload": {
                "psr-4": {
                    "LastCall\\DownloadsPlugin\\": "src/"
                }
            },
            "notification-url": "https://packagist.org/downloads/",
            "license": [
                "MIT"
            ],
            "authors": [
                {
                    "name": "Rob Bayliss",
                    "email": "rob@lastcallmedia.com"
                },
                {
                    "name": "Tim Otten",
                    "email": "totten@civicrm.org"
                }
            ],
            "description": "Composer plugin for downloading additional files within any composer package.",
            "support": {
                "source": "https://github.com/civicrm/composer-downloads-plugin/tree/v3.0.1"
            },
            "time": "2020-11-02T05:26:23+00:00"
        },
        {
            "name": "ergebnis/composer-normalize",
            "version": "2.28.3",
            "source": {
                "type": "git",
                "url": "https://github.com/ergebnis/composer-normalize.git",
                "reference": "ec75a2bf751f6fec165e9ea0262655b8ca397e5c"
            },
            "dist": {
                "type": "zip",
                "url": "https://api.github.com/repos/ergebnis/composer-normalize/zipball/ec75a2bf751f6fec165e9ea0262655b8ca397e5c",
                "reference": "ec75a2bf751f6fec165e9ea0262655b8ca397e5c",
                "shasum": ""
            },
            "require": {
                "composer-plugin-api": "^2.0.0",
                "ergebnis/json-normalizer": "~2.1.0",
                "ergebnis/json-printer": "^3.2.0",
                "justinrainbow/json-schema": "^5.2.12",
                "localheinz/diff": "^1.1.1",
                "php": "^7.4 || ^8.0"
            },
            "require-dev": {
                "composer/composer": "^2.3.9",
                "ergebnis/license": "^1.2.0",
                "ergebnis/php-cs-fixer-config": "^4.4.0",
                "fakerphp/faker": "^1.19.0",
                "phpunit/phpunit": "^9.5.21",
                "psalm/plugin-phpunit": "~0.17.0",
                "symfony/filesystem": "^5.4.9",
                "vimeo/psalm": "^4.24.0"
            },
            "type": "composer-plugin",
            "extra": {
                "class": "Ergebnis\\Composer\\Normalize\\NormalizePlugin",
                "composer-normalize": {
                    "indent-size": 2,
                    "indent-style": "space"
                }
            },
            "autoload": {
                "psr-4": {
                    "Ergebnis\\Composer\\Normalize\\": "src/"
                }
            },
            "notification-url": "https://packagist.org/downloads/",
            "license": [
                "MIT"
            ],
            "authors": [
                {
                    "name": "Andreas Möller",
                    "email": "am@localheinz.com"
                }
            ],
            "description": "Provides a composer plugin for normalizing composer.json.",
            "homepage": "https://github.com/ergebnis/composer-normalize",
            "keywords": [
                "composer",
                "normalize",
                "normalizer",
                "plugin"
            ],
            "support": {
                "issues": "https://github.com/ergebnis/composer-normalize/issues",
                "source": "https://github.com/ergebnis/composer-normalize"
            },
            "time": "2022-07-05T16:09:10+00:00"
        },
        {
            "name": "ergebnis/json-normalizer",
            "version": "2.1.0",
            "source": {
                "type": "git",
                "url": "https://github.com/ergebnis/json-normalizer.git",
                "reference": "2039eb11131a243b9204bf51219baa08935e6b1d"
            },
            "dist": {
                "type": "zip",
                "url": "https://api.github.com/repos/ergebnis/json-normalizer/zipball/2039eb11131a243b9204bf51219baa08935e6b1d",
                "reference": "2039eb11131a243b9204bf51219baa08935e6b1d",
                "shasum": ""
            },
            "require": {
                "ergebnis/json-printer": "^3.2.0",
                "ergebnis/json-schema-validator": "^2.0.0",
                "ext-json": "*",
                "justinrainbow/json-schema": "^5.2.11",
                "php": "^7.4 || ^8.0"
            },
            "require-dev": {
                "ergebnis/data-provider": "^1.0.0",
                "ergebnis/license": "^1.2.0",
                "ergebnis/php-cs-fixer-config": "^3.4.0",
                "fakerphp/faker": "^1.17.0",
                "infection/infection": "~0.25.5",
                "phpunit/phpunit": "^9.5.11",
                "psalm/plugin-phpunit": "~0.16.1",
                "vimeo/psalm": "^4.17.0"
            },
            "type": "library",
            "autoload": {
                "psr-4": {
                    "Ergebnis\\Json\\Normalizer\\": "src/"
                }
            },
            "notification-url": "https://packagist.org/downloads/",
            "license": [
                "MIT"
            ],
            "authors": [
                {
                    "name": "Andreas Möller",
                    "email": "am@localheinz.com"
                }
            ],
            "description": "Provides generic and vendor-specific normalizers for normalizing JSON documents.",
            "homepage": "https://github.com/ergebnis/json-normalizer",
            "keywords": [
                "json",
                "normalizer"
            ],
            "support": {
                "issues": "https://github.com/ergebnis/json-normalizer/issues",
                "source": "https://github.com/ergebnis/json-normalizer"
            },
            "funding": [
                {
                    "url": "https://github.com/localheinz",
                    "type": "github"
                }
            ],
            "time": "2022-01-04T11:19:55+00:00"
        },
        {
            "name": "ergebnis/json-printer",
            "version": "3.2.0",
            "source": {
                "type": "git",
                "url": "https://github.com/ergebnis/json-printer.git",
                "reference": "651cab2b7604a6b338d0d16749f5ea0851a68005"
            },
            "dist": {
                "type": "zip",
                "url": "https://api.github.com/repos/ergebnis/json-printer/zipball/651cab2b7604a6b338d0d16749f5ea0851a68005",
                "reference": "651cab2b7604a6b338d0d16749f5ea0851a68005",
                "shasum": ""
            },
            "require": {
                "ext-json": "*",
                "ext-mbstring": "*",
                "php": "^7.4 || ^8.0"
            },
            "require-dev": {
                "ergebnis/license": "^1.1.0",
                "ergebnis/php-cs-fixer-config": "^3.4.0",
                "fakerphp/faker": "^1.17.0",
                "infection/infection": "~0.25.5",
                "phpunit/phpunit": "^9.5.11",
                "psalm/plugin-phpunit": "~0.16.1",
                "vimeo/psalm": "^4.16.1"
            },
            "type": "library",
            "autoload": {
                "psr-4": {
                    "Ergebnis\\Json\\Printer\\": "src/"
                }
            },
            "notification-url": "https://packagist.org/downloads/",
            "license": [
                "MIT"
            ],
            "authors": [
                {
                    "name": "Andreas Möller",
                    "email": "am@localheinz.com"
                }
            ],
            "description": "Provides a JSON printer, allowing for flexible indentation.",
            "homepage": "https://github.com/ergebnis/json-printer",
            "keywords": [
                "formatter",
                "json",
                "printer"
            ],
            "support": {
                "issues": "https://github.com/ergebnis/json-printer/issues",
                "source": "https://github.com/ergebnis/json-printer"
            },
            "funding": [
                {
                    "url": "https://github.com/localheinz",
                    "type": "github"
                }
            ],
            "time": "2021-12-27T12:39:13+00:00"
        },
        {
            "name": "ergebnis/json-schema-validator",
            "version": "2.0.0",
            "source": {
                "type": "git",
                "url": "https://github.com/ergebnis/json-schema-validator.git",
                "reference": "dacd8a47c1cc2c426ec71e952da3609ebe901fac"
            },
            "dist": {
                "type": "zip",
                "url": "https://api.github.com/repos/ergebnis/json-schema-validator/zipball/dacd8a47c1cc2c426ec71e952da3609ebe901fac",
                "reference": "dacd8a47c1cc2c426ec71e952da3609ebe901fac",
                "shasum": ""
            },
            "require": {
                "ext-json": "*",
                "justinrainbow/json-schema": "^5.2.10",
                "php": "^7.4 || ^8.0"
            },
            "require-dev": {
                "ergebnis/composer-normalize": "^2.18.0",
                "ergebnis/data-provider": "^1.0.0",
                "ergebnis/license": "^1.1.0",
                "ergebnis/php-cs-fixer-config": "~3.4.0",
                "fakerphp/faker": "^1.17.0",
                "infection/infection": "~0.25.3",
                "phpunit/phpunit": "~9.5.10",
                "psalm/plugin-phpunit": "~0.16.1",
                "vimeo/psalm": "^4.15.0"
            },
            "type": "library",
            "extra": {
                "composer-normalize": {
                    "indent-size": 2,
                    "indent-style": "space"
                }
            },
            "autoload": {
                "psr-4": {
                    "Ergebnis\\Json\\SchemaValidator\\": "src/"
                }
            },
            "notification-url": "https://packagist.org/downloads/",
            "license": [
                "MIT"
            ],
            "authors": [
                {
                    "name": "Andreas Möller",
                    "email": "am@localheinz.com"
                }
            ],
            "description": "Provides a JSON schema validator, building on top of justinrainbow/json-schema.",
            "homepage": "https://github.com/ergebnis/json-schema-validator",
            "keywords": [
                "json",
                "schema",
                "validator"
            ],
            "support": {
                "issues": "https://github.com/ergebnis/json-schema-validator/issues",
                "source": "https://github.com/ergebnis/json-schema-validator"
            },
            "funding": [
                {
                    "url": "https://github.com/localheinz",
                    "type": "github"
                }
            ],
            "time": "2021-12-13T16:54:56+00:00"
        },
        {
            "name": "flow/jsonpath",
            "version": "0.5.0",
            "source": {
                "type": "git",
                "url": "https://github.com/FlowCommunications/JSONPath.git",
                "reference": "b9738858c75d008c1211612b973e9510f8b7f8ea"
            },
            "dist": {
                "type": "zip",
                "url": "https://api.github.com/repos/FlowCommunications/JSONPath/zipball/b9738858c75d008c1211612b973e9510f8b7f8ea",
                "reference": "b9738858c75d008c1211612b973e9510f8b7f8ea",
                "shasum": ""
            },
            "require": {
                "php": ">=5.4.0"
            },
            "require-dev": {
                "peekmo/jsonpath": "dev-master",
                "phpunit/phpunit": "^7.0"
            },
            "type": "library",
            "autoload": {
                "psr-0": {
                    "Flow\\JSONPath": "src/",
                    "Flow\\JSONPath\\Test": "tests/"
                }
            },
            "notification-url": "https://packagist.org/downloads/",
            "license": [
                "MIT"
            ],
            "authors": [
                {
                    "name": "Stephen Frank",
                    "email": "stephen@flowsa.com"
                }
            ],
            "description": "JSONPath implementation for parsing, searching and flattening arrays",
            "support": {
                "issues": "https://github.com/FlowCommunications/JSONPath/issues",
                "source": "https://github.com/FlowCommunications/JSONPath/tree/0.5.0"
            },
            "abandoned": "softcreatr/jsonpath",
            "time": "2019-07-15T17:23:22+00:00"
        },
        {
            "name": "justinrainbow/json-schema",
            "version": "5.2.12",
            "source": {
                "type": "git",
                "url": "https://github.com/justinrainbow/json-schema.git",
                "reference": "ad87d5a5ca981228e0e205c2bc7dfb8e24559b60"
            },
            "dist": {
                "type": "zip",
                "url": "https://api.github.com/repos/justinrainbow/json-schema/zipball/ad87d5a5ca981228e0e205c2bc7dfb8e24559b60",
                "reference": "ad87d5a5ca981228e0e205c2bc7dfb8e24559b60",
                "shasum": ""
            },
            "require": {
                "php": ">=5.3.3"
            },
            "require-dev": {
                "friendsofphp/php-cs-fixer": "~2.2.20||~2.15.1",
                "json-schema/json-schema-test-suite": "1.2.0",
                "phpunit/phpunit": "^4.8.35"
            },
            "bin": [
                "bin/validate-json"
            ],
            "type": "library",
            "extra": {
                "branch-alias": {
                    "dev-master": "5.0.x-dev"
                }
            },
            "autoload": {
                "psr-4": {
                    "JsonSchema\\": "src/JsonSchema/"
                }
            },
            "notification-url": "https://packagist.org/downloads/",
            "license": [
                "MIT"
            ],
            "authors": [
                {
                    "name": "Bruno Prieto Reis",
                    "email": "bruno.p.reis@gmail.com"
                },
                {
                    "name": "Justin Rainbow",
                    "email": "justin.rainbow@gmail.com"
                },
                {
                    "name": "Igor Wiedler",
                    "email": "igor@wiedler.ch"
                },
                {
                    "name": "Robert Schönthal",
                    "email": "seroscho@googlemail.com"
                }
            ],
            "description": "A library to validate a json schema.",
            "homepage": "https://github.com/justinrainbow/json-schema",
            "keywords": [
                "json",
                "schema"
            ],
            "support": {
                "issues": "https://github.com/justinrainbow/json-schema/issues",
                "source": "https://github.com/justinrainbow/json-schema/tree/5.2.12"
            },
            "time": "2022-04-13T08:02:27+00:00"
        },
        {
            "name": "localheinz/diff",
            "version": "1.1.1",
            "source": {
                "type": "git",
                "url": "https://github.com/localheinz/diff.git",
                "reference": "851bb20ea8358c86f677f5f111c4ab031b1c764c"
            },
            "dist": {
                "type": "zip",
                "url": "https://api.github.com/repos/localheinz/diff/zipball/851bb20ea8358c86f677f5f111c4ab031b1c764c",
                "reference": "851bb20ea8358c86f677f5f111c4ab031b1c764c",
                "shasum": ""
            },
            "require": {
                "php": "^7.1 || ^8.0"
            },
            "require-dev": {
                "phpunit/phpunit": "^7.5 || ^8.0",
                "symfony/process": "^4.2 || ^5"
            },
            "type": "library",
            "autoload": {
                "classmap": [
                    "src/"
                ]
            },
            "notification-url": "https://packagist.org/downloads/",
            "license": [
                "BSD-3-Clause"
            ],
            "authors": [
                {
                    "name": "Sebastian Bergmann",
                    "email": "sebastian@phpunit.de"
                },
                {
                    "name": "Kore Nordmann",
                    "email": "mail@kore-nordmann.de"
                }
            ],
            "description": "Fork of sebastian/diff for use with ergebnis/composer-normalize",
            "homepage": "https://github.com/localheinz/diff",
            "keywords": [
                "diff",
                "udiff",
                "unidiff",
                "unified diff"
            ],
            "support": {
                "source": "https://github.com/localheinz/diff/tree/main"
            },
            "funding": [
                {
                    "url": "https://github.com/sebastianbergmann",
                    "type": "github"
                }
            ],
            "time": "2020-07-06T04:49:32+00:00"
        },
        {
            "name": "sniccowp/php-scoper-wordpress-excludes",
            "version": "6.0.1",
            "source": {
                "type": "git",
                "url": "https://github.com/snicco/php-scoper-wordpress-excludes.git",
                "reference": "6fce87f9c5463223013745ec5489967198c11348"
            },
            "dist": {
                "type": "zip",
                "url": "https://api.github.com/repos/snicco/php-scoper-wordpress-excludes/zipball/6fce87f9c5463223013745ec5489967198c11348",
                "reference": "6fce87f9c5463223013745ec5489967198c11348",
                "shasum": ""
            },
            "require-dev": {
                "php": "^7.4",
                "php-stubs/wordpress-globals": "0.2.0",
                "php-stubs/wordpress-stubs": "6.0.1",
                "sniccowp/php-scoper-excludes": "dev-master"
            },
            "type": "library",
            "notification-url": "https://packagist.org/downloads/",
            "license": [
                "MIT"
            ],
            "authors": [
                {
                    "name": "Calvin Alkan",
                    "email": "calvin@snicco.de"
                },
                {
                    "name": "Marlon Alkan",
                    "email": "marlon@snicco.de"
                }
            ],
            "description": "A list of all WordPress core classes, functions and constants. Meant to be used with the PHP-Scoper exclusion functionality.",
            "keywords": [
                "php-scoper",
                "scoping WordPress",
                "wordpress"
            ],
            "support": {
                "issues": "https://github.com/snicco/php-scoper-wordpress-excludes/issues",
                "source": "https://github.com/snicco/php-scoper-wordpress-excludes/tree/6.0.1"
            },
            "time": "2022-07-16T01:54:10+00:00"
        },
        {
            "name": "togos/gitignore",
            "version": "1.1.1",
            "source": {
                "type": "git",
                "url": "https://github.com/TOGoS/PHPGitIgnore.git",
                "reference": "32bc0830e4123f670adcbf5ddda5bef362f4f4d4"
            },
            "dist": {
                "type": "zip",
                "url": "https://api.github.com/repos/TOGoS/PHPGitIgnore/zipball/32bc0830e4123f670adcbf5ddda5bef362f4f4d4",
                "reference": "32bc0830e4123f670adcbf5ddda5bef362f4f4d4",
                "shasum": ""
            },
            "require": {
                "php": ">=5.2"
            },
            "require-dev": {
                "togos/simpler-test": "1.1.1"
            },
            "type": "library",
            "autoload": {
                "psr-0": {
                    "TOGoS_GitIgnore_": "src/main/php/"
                }
            },
            "notification-url": "https://packagist.org/downloads/",
            "license": [
                "MIT"
            ],
            "description": "Parser for .gitignore (and sparse-checkout, and anything else using the same format) files",
            "support": {
                "issues": "https://github.com/TOGoS/PHPGitIgnore/issues",
                "source": "https://github.com/TOGoS/PHPGitIgnore/tree/master"
            },
            "time": "2019-04-19T19:16:58+00:00"
        }
    ],
    "aliases": [],
    "minimum-stability": "dev",
    "stability-flags": [],
    "prefer-stable": true,
    "prefer-lowest": false,
    "platform": [],
    "platform-dev": [],
    "plugin-api-version": "2.2.0"
}
